// !$*UTF8*$!
{
	archiveVersion = 1;
	classes = {
	};
	objectVersion = 46;
	objects = {

/* Begin PBXBuildFile section */
		4525EA6119E3C9AB0009BADE /* main.m in Sources */ = {isa = PBXBuildFile; fileRef = 4525EA6019E3C9AB0009BADE /* main.m */; };
		4525EA6419E3C9AB0009BADE /* AppDelegate.m in Sources */ = {isa = PBXBuildFile; fileRef = 4525EA6319E3C9AB0009BADE /* AppDelegate.m */; };
		4525EA6719E3C9AB0009BADE /* Traditional.xcdatamodeld in Sources */ = {isa = PBXBuildFile; fileRef = 4525EA6519E3C9AB0009BADE /* Traditional.xcdatamodeld */; };
		4525EA6A19E3C9AB0009BADE /* ViewController.m in Sources */ = {isa = PBXBuildFile; fileRef = 4525EA6919E3C9AB0009BADE /* ViewController.m */; };
		4525EA6D19E3C9AB0009BADE /* Main.storyboard in Resources */ = {isa = PBXBuildFile; fileRef = 4525EA6B19E3C9AB0009BADE /* Main.storyboard */; };
		4525EA6F19E3C9AB0009BADE /* Images.xcassets in Resources */ = {isa = PBXBuildFile; fileRef = 4525EA6E19E3C9AB0009BADE /* Images.xcassets */; };
		4525EA7219E3C9AB0009BADE /* LaunchScreen.xib in Resources */ = {isa = PBXBuildFile; fileRef = 4525EA7019E3C9AB0009BADE /* LaunchScreen.xib */; };
		4525EA7E19E3C9AB0009BADE /* TraditionalTests.m in Sources */ = {isa = PBXBuildFile; fileRef = 4525EA7D19E3C9AB0009BADE /* TraditionalTests.m */; };
		4525EA8B19E3CC4F0009BADE /* CoreGraphics.framework in Frameworks */ = {isa = PBXBuildFile; fileRef = 4525EA8A19E3CC4F0009BADE /* CoreGraphics.framework */; };
		4525EA8D19E3CC640009BADE /* MobileCoreServices.framework in Frameworks */ = {isa = PBXBuildFile; fileRef = 4525EA8C19E3CC640009BADE /* MobileCoreServices.framework */; };
		4525EA8F19E3CC7F0009BADE /* CoreLocation.framework in Frameworks */ = {isa = PBXBuildFile; fileRef = 4525EA8E19E3CC7F0009BADE /* CoreLocation.framework */; };
		4525EA9319E3CC8D0009BADE /* Bolts.framework in Frameworks */ = {isa = PBXBuildFile; fileRef = 4525EA9019E3CC8D0009BADE /* Bolts.framework */; };
		4525EA9419E3CC8D0009BADE /* Parse.framework in Frameworks */ = {isa = PBXBuildFile; fileRef = 4525EA9119E3CC8D0009BADE /* Parse.framework */; };
		4525EA9519E3CC8D0009BADE /* ParseFacebookUtils.framework in Frameworks */ = {isa = PBXBuildFile; fileRef = 4525EA9219E3CC8D0009BADE /* ParseFacebookUtils.framework */; };
		4525EA9719E3CCAD0009BADE /* UIKit.framework in Frameworks */ = {isa = PBXBuildFile; fileRef = 4525EA9619E3CCAD0009BADE /* UIKit.framework */; };
		4525EA9919E3CCBB0009BADE /* Security.framework in Frameworks */ = {isa = PBXBuildFile; fileRef = 4525EA9819E3CCBB0009BADE /* Security.framework */; };
		4525EAA919E3D4BF0009BADE /* 6portrait.png in Resources */ = {isa = PBXBuildFile; fileRef = 4525EAA819E3D4BF0009BADE /* 6portrait.png */; };
		4525EAAB19E3D73E0009BADE /* burgerIcon.png in Resources */ = {isa = PBXBuildFile; fileRef = 4525EAAA19E3D73E0009BADE /* burgerIcon.png */; };
		4525EAB019E3D9980009BADE /* MainTableViewCell.m in Sources */ = {isa = PBXBuildFile; fileRef = 4525EAAE19E3D9980009BADE /* MainTableViewCell.m */; };
		4525EAB119E3D9980009BADE /* MainTableViewCell.xib in Resources */ = {isa = PBXBuildFile; fileRef = 4525EAAF19E3D9980009BADE /* MainTableViewCell.xib */; };
		4525EAB319E3D9ED0009BADE /* home-1.jpg in Resources */ = {isa = PBXBuildFile; fileRef = 4525EAB219E3D9ED0009BADE /* home-1.jpg */; };
		4525EAB519E3D9FE0009BADE /* profile-stats-bg.png in Resources */ = {isa = PBXBuildFile; fileRef = 4525EAB419E3D9FE0009BADE /* profile-stats-bg.png */; };
		4525EAB819E3DA110009BADE /* fall-w.png in Resources */ = {isa = PBXBuildFile; fileRef = 4525EAB619E3DA110009BADE /* fall-w.png */; };
		4525EAB919E3DA110009BADE /* fall-w@2x.png in Resources */ = {isa = PBXBuildFile; fileRef = 4525EAB719E3DA110009BADE /* fall-w@2x.png */; };
		4525EABC19E3DA350009BADE /* winter-w.png in Resources */ = {isa = PBXBuildFile; fileRef = 4525EABA19E3DA350009BADE /* winter-w.png */; };
		4525EABD19E3DA350009BADE /* winter-w@2x.png in Resources */ = {isa = PBXBuildFile; fileRef = 4525EABB19E3DA350009BADE /* winter-w@2x.png */; };
		4525EAC019E3DA530009BADE /* spring-w.png in Resources */ = {isa = PBXBuildFile; fileRef = 4525EABE19E3DA530009BADE /* spring-w.png */; };
		4525EAC119E3DA530009BADE /* spring-w@2x.png in Resources */ = {isa = PBXBuildFile; fileRef = 4525EABF19E3DA530009BADE /* spring-w@2x.png */; };
		4525EAC619E3DA6C0009BADE /* summer-w.png in Resources */ = {isa = PBXBuildFile; fileRef = 4525EAC219E3DA6C0009BADE /* summer-w.png */; };
		4525EAC719E3DA6C0009BADE /* summer-w@2x.png in Resources */ = {isa = PBXBuildFile; fileRef = 4525EAC319E3DA6C0009BADE /* summer-w@2x.png */; };
		4525EAC819E3DA6C0009BADE /* summer-y.png in Resources */ = {isa = PBXBuildFile; fileRef = 4525EAC419E3DA6C0009BADE /* summer-y.png */; };
		4525EAC919E3DA6C0009BADE /* summer-y@2x.png in Resources */ = {isa = PBXBuildFile; fileRef = 4525EAC519E3DA6C0009BADE /* summer-y@2x.png */; };
		4525EACC19E3DA820009BADE /* winter-y.png in Resources */ = {isa = PBXBuildFile; fileRef = 4525EACA19E3DA820009BADE /* winter-y.png */; };
		4525EACD19E3DA820009BADE /* winter-y@2x.png in Resources */ = {isa = PBXBuildFile; fileRef = 4525EACB19E3DA820009BADE /* winter-y@2x.png */; };
		4525EAD019E3DA900009BADE /* spring-y.png in Resources */ = {isa = PBXBuildFile; fileRef = 4525EACE19E3DA900009BADE /* spring-y.png */; };
		4525EAD119E3DA900009BADE /* spring-y@2x.png in Resources */ = {isa = PBXBuildFile; fileRef = 4525EACF19E3DA900009BADE /* spring-y@2x.png */; };
		4525EAD419E3DA9D0009BADE /* fall-y.png in Resources */ = {isa = PBXBuildFile; fileRef = 4525EAD219E3DA9D0009BADE /* fall-y.png */; };
		4525EAD519E3DA9D0009BADE /* fall-y@2x.png in Resources */ = {isa = PBXBuildFile; fileRef = 4525EAD319E3DA9D0009BADE /* fall-y@2x.png */; };
		4525EAD819E3DAEE0009BADE /* star-g.png in Resources */ = {isa = PBXBuildFile; fileRef = 4525EAD619E3DAEE0009BADE /* star-g.png */; };
		4525EAD919E3DAEE0009BADE /* star-g@2x.png in Resources */ = {isa = PBXBuildFile; fileRef = 4525EAD719E3DAEE0009BADE /* star-g@2x.png */; };
		4525EADB19E3DEE60009BADE /* CFNetwork.framework in Frameworks */ = {isa = PBXBuildFile; fileRef = 4525EADA19E3DEE60009BADE /* CFNetwork.framework */; };
		4525EADD19E3DF5E0009BADE /* SystemConfiguration.framework in Frameworks */ = {isa = PBXBuildFile; fileRef = 4525EADC19E3DF5E0009BADE /* SystemConfiguration.framework */; };
		4525EAE019E3E2580009BADE /* star-y.png in Resources */ = {isa = PBXBuildFile; fileRef = 4525EADE19E3E2580009BADE /* star-y.png */; };
		4525EAE119E3E2580009BADE /* star-y@2x.png in Resources */ = {isa = PBXBuildFile; fileRef = 4525EADF19E3E2580009BADE /* star-y@2x.png */; };
		4525EAE319E3E3B80009BADE /* Default@2x.png in Resources */ = {isa = PBXBuildFile; fileRef = 4525EAE219E3E3B80009BADE /* Default@2x.png */; };
		4525EAE519E3E3F60009BADE /* logo.png in Resources */ = {isa = PBXBuildFile; fileRef = 4525EAE419E3E3F60009BADE /* logo.png */; };
		4525EAE719E4282E0009BADE /* QuartzCore.framework in Frameworks */ = {isa = PBXBuildFile; fileRef = 4525EAE619E4282E0009BADE /* QuartzCore.framework */; };
		4525EAE919E4286C0009BADE /* libz.1.1.3.dylib in Frameworks */ = {isa = PBXBuildFile; fileRef = 4525EAE819E4286C0009BADE /* libz.1.1.3.dylib */; };
		4525EAF419E42D3D0009BADE /* TGMenuViewController.m in Sources */ = {isa = PBXBuildFile; fileRef = 4525EAEB19E42D3D0009BADE /* TGMenuViewController.m */; };
		4525EAF519E42D3D0009BADE /* TGSideMenuViewController.m in Sources */ = {isa = PBXBuildFile; fileRef = 4525EAED19E42D3D0009BADE /* TGSideMenuViewController.m */; };
		4525EAF619E42D3D0009BADE /* TGMainViewController.m in Sources */ = {isa = PBXBuildFile; fileRef = 4525EAEF19E42D3D0009BADE /* TGMainViewController.m */; };
		4525EAF719E42D3D0009BADE /* TGMapViewController.m in Sources */ = {isa = PBXBuildFile; fileRef = 4525EAF119E42D3D0009BADE /* TGMapViewController.m */; };
		452F9B1D19E47BC2009715CB /* TGLoginViewController.m in Sources */ = {isa = PBXBuildFile; fileRef = 452F9B1C19E47BC2009715CB /* TGLoginViewController.m */; };
		452F9B2219E48EF6009715CB /* TGWishListViewController.m in Sources */ = {isa = PBXBuildFile; fileRef = 452F9B2119E48EF6009715CB /* TGWishListViewController.m */; };
		45426C4F19E5270B00EDB9E9 /* MapKit.framework in Frameworks */ = {isa = PBXBuildFile; fileRef = 45426C4E19E5270B00EDB9E9 /* MapKit.framework */; };
		45426C5219E528F000EDB9E9 /* TGFavoritesViewController.m in Sources */ = {isa = PBXBuildFile; fileRef = 45426C5119E528F000EDB9E9 /* TGFavoritesViewController.m */; };
/* End PBXBuildFile section */

/* Begin PBXContainerItemProxy section */
		4525EA7819E3C9AB0009BADE /* PBXContainerItemProxy */ = {
			isa = PBXContainerItemProxy;
			containerPortal = 4525EA5319E3C9AB0009BADE /* Project object */;
			proxyType = 1;
			remoteGlobalIDString = 4525EA5A19E3C9AB0009BADE;
			remoteInfo = Traditional;
		};
/* End PBXContainerItemProxy section */

/* Begin PBXFileReference section */
		4525EA5B19E3C9AB0009BADE /* Traditional.app */ = {isa = PBXFileReference; explicitFileType = wrapper.application; includeInIndex = 0; path = Traditional.app; sourceTree = BUILT_PRODUCTS_DIR; };
		4525EA5F19E3C9AB0009BADE /* Info.plist */ = {isa = PBXFileReference; lastKnownFileType = text.plist.xml; path = Info.plist; sourceTree = "<group>"; };
		4525EA6019E3C9AB0009BADE /* main.m */ = {isa = PBXFileReference; lastKnownFileType = sourcecode.c.objc; path = main.m; sourceTree = "<group>"; };
		4525EA6219E3C9AB0009BADE /* AppDelegate.h */ = {isa = PBXFileReference; lastKnownFileType = sourcecode.c.h; path = AppDelegate.h; sourceTree = "<group>"; };
		4525EA6319E3C9AB0009BADE /* AppDelegate.m */ = {isa = PBXFileReference; lastKnownFileType = sourcecode.c.objc; path = AppDelegate.m; sourceTree = "<group>"; };
		4525EA6619E3C9AB0009BADE /* Traditional.xcdatamodel */ = {isa = PBXFileReference; lastKnownFileType = wrapper.xcdatamodel; path = Traditional.xcdatamodel; sourceTree = "<group>"; };
		4525EA6819E3C9AB0009BADE /* ViewController.h */ = {isa = PBXFileReference; lastKnownFileType = sourcecode.c.h; path = ViewController.h; sourceTree = "<group>"; };
		4525EA6919E3C9AB0009BADE /* ViewController.m */ = {isa = PBXFileReference; lastKnownFileType = sourcecode.c.objc; path = ViewController.m; sourceTree = "<group>"; };
		4525EA6C19E3C9AB0009BADE /* Base */ = {isa = PBXFileReference; lastKnownFileType = file.storyboard; name = Base; path = Base.lproj/Main.storyboard; sourceTree = "<group>"; };
		4525EA6E19E3C9AB0009BADE /* Images.xcassets */ = {isa = PBXFileReference; lastKnownFileType = folder.assetcatalog; path = Images.xcassets; sourceTree = "<group>"; };
		4525EA7119E3C9AB0009BADE /* Base */ = {isa = PBXFileReference; lastKnownFileType = file.xib; name = Base; path = Base.lproj/LaunchScreen.xib; sourceTree = "<group>"; };
		4525EA7719E3C9AB0009BADE /* TraditionalTests.xctest */ = {isa = PBXFileReference; explicitFileType = wrapper.cfbundle; includeInIndex = 0; path = TraditionalTests.xctest; sourceTree = BUILT_PRODUCTS_DIR; };
		4525EA7C19E3C9AB0009BADE /* Info.plist */ = {isa = PBXFileReference; lastKnownFileType = text.plist.xml; path = Info.plist; sourceTree = "<group>"; };
		4525EA7D19E3C9AB0009BADE /* TraditionalTests.m */ = {isa = PBXFileReference; lastKnownFileType = sourcecode.c.objc; path = TraditionalTests.m; sourceTree = "<group>"; };
		4525EA8A19E3CC4F0009BADE /* CoreGraphics.framework */ = {isa = PBXFileReference; lastKnownFileType = wrapper.framework; name = CoreGraphics.framework; path = System/Library/Frameworks/CoreGraphics.framework; sourceTree = SDKROOT; };
		4525EA8C19E3CC640009BADE /* MobileCoreServices.framework */ = {isa = PBXFileReference; lastKnownFileType = wrapper.framework; name = MobileCoreServices.framework; path = System/Library/Frameworks/MobileCoreServices.framework; sourceTree = SDKROOT; };
		4525EA8E19E3CC7F0009BADE /* CoreLocation.framework */ = {isa = PBXFileReference; lastKnownFileType = wrapper.framework; name = CoreLocation.framework; path = System/Library/Frameworks/CoreLocation.framework; sourceTree = SDKROOT; };
		4525EA9019E3CC8D0009BADE /* Bolts.framework */ = {isa = PBXFileReference; lastKnownFileType = wrapper.framework; path = Bolts.framework; sourceTree = "<group>"; };
		4525EA9119E3CC8D0009BADE /* Parse.framework */ = {isa = PBXFileReference; lastKnownFileType = wrapper.framework; path = Parse.framework; sourceTree = "<group>"; };
		4525EA9219E3CC8D0009BADE /* ParseFacebookUtils.framework */ = {isa = PBXFileReference; lastKnownFileType = wrapper.framework; path = ParseFacebookUtils.framework; sourceTree = "<group>"; };
		4525EA9619E3CCAD0009BADE /* UIKit.framework */ = {isa = PBXFileReference; lastKnownFileType = wrapper.framework; name = UIKit.framework; path = System/Library/Frameworks/UIKit.framework; sourceTree = SDKROOT; };
		4525EA9819E3CCBB0009BADE /* Security.framework */ = {isa = PBXFileReference; lastKnownFileType = wrapper.framework; name = Security.framework; path = System/Library/Frameworks/Security.framework; sourceTree = SDKROOT; };
		4525EAA819E3D4BF0009BADE /* 6portrait.png */ = {isa = PBXFileReference; lastKnownFileType = image.png; path = 6portrait.png; sourceTree = "<group>"; };
		4525EAAA19E3D73E0009BADE /* burgerIcon.png */ = {isa = PBXFileReference; lastKnownFileType = image.png; path = burgerIcon.png; sourceTree = "<group>"; };
		4525EAAD19E3D9980009BADE /* MainTableViewCell.h */ = {isa = PBXFileReference; fileEncoding = 4; lastKnownFileType = sourcecode.c.h; path = MainTableViewCell.h; sourceTree = "<group>"; };
		4525EAAE19E3D9980009BADE /* MainTableViewCell.m */ = {isa = PBXFileReference; fileEncoding = 4; lastKnownFileType = sourcecode.c.objc; path = MainTableViewCell.m; sourceTree = "<group>"; };
		4525EAAF19E3D9980009BADE /* MainTableViewCell.xib */ = {isa = PBXFileReference; fileEncoding = 4; lastKnownFileType = file.xib; path = MainTableViewCell.xib; sourceTree = "<group>"; };
		4525EAB219E3D9ED0009BADE /* home-1.jpg */ = {isa = PBXFileReference; lastKnownFileType = image.jpeg; path = "home-1.jpg"; sourceTree = "<group>"; };
		4525EAB419E3D9FE0009BADE /* profile-stats-bg.png */ = {isa = PBXFileReference; lastKnownFileType = image.png; path = "profile-stats-bg.png"; sourceTree = "<group>"; };
		4525EAB619E3DA110009BADE /* fall-w.png */ = {isa = PBXFileReference; lastKnownFileType = image.png; path = "fall-w.png"; sourceTree = "<group>"; };
		4525EAB719E3DA110009BADE /* fall-w@2x.png */ = {isa = PBXFileReference; lastKnownFileType = image.png; path = "fall-w@2x.png"; sourceTree = "<group>"; };
		4525EABA19E3DA350009BADE /* winter-w.png */ = {isa = PBXFileReference; lastKnownFileType = image.png; path = "winter-w.png"; sourceTree = "<group>"; };
		4525EABB19E3DA350009BADE /* winter-w@2x.png */ = {isa = PBXFileReference; lastKnownFileType = image.png; path = "winter-w@2x.png"; sourceTree = "<group>"; };
		4525EABE19E3DA530009BADE /* spring-w.png */ = {isa = PBXFileReference; lastKnownFileType = image.png; path = "spring-w.png"; sourceTree = "<group>"; };
		4525EABF19E3DA530009BADE /* spring-w@2x.png */ = {isa = PBXFileReference; lastKnownFileType = image.png; path = "spring-w@2x.png"; sourceTree = "<group>"; };
		4525EAC219E3DA6C0009BADE /* summer-w.png */ = {isa = PBXFileReference; lastKnownFileType = image.png; path = "summer-w.png"; sourceTree = "<group>"; };
		4525EAC319E3DA6C0009BADE /* summer-w@2x.png */ = {isa = PBXFileReference; lastKnownFileType = image.png; path = "summer-w@2x.png"; sourceTree = "<group>"; };
		4525EAC419E3DA6C0009BADE /* summer-y.png */ = {isa = PBXFileReference; lastKnownFileType = image.png; path = "summer-y.png"; sourceTree = "<group>"; };
		4525EAC519E3DA6C0009BADE /* summer-y@2x.png */ = {isa = PBXFileReference; lastKnownFileType = image.png; path = "summer-y@2x.png"; sourceTree = "<group>"; };
		4525EACA19E3DA820009BADE /* winter-y.png */ = {isa = PBXFileReference; lastKnownFileType = image.png; path = "winter-y.png"; sourceTree = "<group>"; };
		4525EACB19E3DA820009BADE /* winter-y@2x.png */ = {isa = PBXFileReference; lastKnownFileType = image.png; path = "winter-y@2x.png"; sourceTree = "<group>"; };
		4525EACE19E3DA900009BADE /* spring-y.png */ = {isa = PBXFileReference; lastKnownFileType = image.png; path = "spring-y.png"; sourceTree = "<group>"; };
		4525EACF19E3DA900009BADE /* spring-y@2x.png */ = {isa = PBXFileReference; lastKnownFileType = image.png; path = "spring-y@2x.png"; sourceTree = "<group>"; };
		4525EAD219E3DA9D0009BADE /* fall-y.png */ = {isa = PBXFileReference; lastKnownFileType = image.png; path = "fall-y.png"; sourceTree = "<group>"; };
		4525EAD319E3DA9D0009BADE /* fall-y@2x.png */ = {isa = PBXFileReference; lastKnownFileType = image.png; path = "fall-y@2x.png"; sourceTree = "<group>"; };
		4525EAD619E3DAEE0009BADE /* star-g.png */ = {isa = PBXFileReference; lastKnownFileType = image.png; path = "star-g.png"; sourceTree = "<group>"; };
		4525EAD719E3DAEE0009BADE /* star-g@2x.png */ = {isa = PBXFileReference; lastKnownFileType = image.png; path = "star-g@2x.png"; sourceTree = "<group>"; };
		4525EADA19E3DEE60009BADE /* CFNetwork.framework */ = {isa = PBXFileReference; lastKnownFileType = wrapper.framework; name = CFNetwork.framework; path = System/Library/Frameworks/CFNetwork.framework; sourceTree = SDKROOT; };
		4525EADC19E3DF5E0009BADE /* SystemConfiguration.framework */ = {isa = PBXFileReference; lastKnownFileType = wrapper.framework; name = SystemConfiguration.framework; path = System/Library/Frameworks/SystemConfiguration.framework; sourceTree = SDKROOT; };
		4525EADE19E3E2580009BADE /* star-y.png */ = {isa = PBXFileReference; lastKnownFileType = image.png; path = "star-y.png"; sourceTree = "<group>"; };
		4525EADF19E3E2580009BADE /* star-y@2x.png */ = {isa = PBXFileReference; lastKnownFileType = image.png; path = "star-y@2x.png"; sourceTree = "<group>"; };
		4525EAE219E3E3B80009BADE /* Default@2x.png */ = {isa = PBXFileReference; lastKnownFileType = image.png; path = "Default@2x.png"; sourceTree = "<group>"; };
		4525EAE419E3E3F60009BADE /* logo.png */ = {isa = PBXFileReference; lastKnownFileType = image.png; path = logo.png; sourceTree = "<group>"; };
		4525EAE619E4282E0009BADE /* QuartzCore.framework */ = {isa = PBXFileReference; lastKnownFileType = wrapper.framework; name = QuartzCore.framework; path = System/Library/Frameworks/QuartzCore.framework; sourceTree = SDKROOT; };
		4525EAE819E4286C0009BADE /* libz.1.1.3.dylib */ = {isa = PBXFileReference; lastKnownFileType = "compiled.mach-o.dylib"; name = libz.1.1.3.dylib; path = usr/lib/libz.1.1.3.dylib; sourceTree = SDKROOT; };
		4525EAEA19E42D3D0009BADE /* TGMenuViewController.h */ = {isa = PBXFileReference; fileEncoding = 4; lastKnownFileType = sourcecode.c.h; path = TGMenuViewController.h; sourceTree = "<group>"; };
		4525EAEB19E42D3D0009BADE /* TGMenuViewController.m */ = {isa = PBXFileReference; fileEncoding = 4; lastKnownFileType = sourcecode.c.objc; path = TGMenuViewController.m; sourceTree = "<group>"; };
		4525EAEC19E42D3D0009BADE /* TGSideMenuViewController.h */ = {isa = PBXFileReference; fileEncoding = 4; lastKnownFileType = sourcecode.c.h; path = TGSideMenuViewController.h; sourceTree = "<group>"; };
		4525EAED19E42D3D0009BADE /* TGSideMenuViewController.m */ = {isa = PBXFileReference; fileEncoding = 4; lastKnownFileType = sourcecode.c.objc; path = TGSideMenuViewController.m; sourceTree = "<group>"; };
		4525EAEE19E42D3D0009BADE /* TGMainViewController.h */ = {isa = PBXFileReference; fileEncoding = 4; lastKnownFileType = sourcecode.c.h; path = TGMainViewController.h; sourceTree = "<group>"; };
		4525EAEF19E42D3D0009BADE /* TGMainViewController.m */ = {isa = PBXFileReference; fileEncoding = 4; lastKnownFileType = sourcecode.c.objc; path = TGMainViewController.m; sourceTree = "<group>"; };
		4525EAF019E42D3D0009BADE /* TGMapViewController.h */ = {isa = PBXFileReference; fileEncoding = 4; lastKnownFileType = sourcecode.c.h; path = TGMapViewController.h; sourceTree = "<group>"; };
		4525EAF119E42D3D0009BADE /* TGMapViewController.m */ = {isa = PBXFileReference; fileEncoding = 4; lastKnownFileType = sourcecode.c.objc; path = TGMapViewController.m; sourceTree = "<group>"; };
		4525EAF919E42D790009BADE /* ControlVariables.h */ = {isa = PBXFileReference; lastKnownFileType = sourcecode.c.h; path = ControlVariables.h; sourceTree = "<group>"; };
		452F9B1B19E47BC2009715CB /* TGLoginViewController.h */ = {isa = PBXFileReference; fileEncoding = 4; lastKnownFileType = sourcecode.c.h; path = TGLoginViewController.h; sourceTree = "<group>"; };
		452F9B1C19E47BC2009715CB /* TGLoginViewController.m */ = {isa = PBXFileReference; fileEncoding = 4; lastKnownFileType = sourcecode.c.objc; path = TGLoginViewController.m; sourceTree = "<group>"; };
		452F9B2019E48EF6009715CB /* TGWishListViewController.h */ = {isa = PBXFileReference; fileEncoding = 4; lastKnownFileType = sourcecode.c.h; path = TGWishListViewController.h; sourceTree = "<group>"; };
		452F9B2119E48EF6009715CB /* TGWishListViewController.m */ = {isa = PBXFileReference; fileEncoding = 4; lastKnownFileType = sourcecode.c.objc; path = TGWishListViewController.m; sourceTree = "<group>"; };
		45426C4E19E5270B00EDB9E9 /* MapKit.framework */ = {isa = PBXFileReference; lastKnownFileType = wrapper.framework; name = MapKit.framework; path = System/Library/Frameworks/MapKit.framework; sourceTree = SDKROOT; };
		45426C5019E528F000EDB9E9 /* TGFavoritesViewController.h */ = {isa = PBXFileReference; fileEncoding = 4; lastKnownFileType = sourcecode.c.h; path = TGFavoritesViewController.h; sourceTree = "<group>"; };
		45426C5119E528F000EDB9E9 /* TGFavoritesViewController.m */ = {isa = PBXFileReference; fileEncoding = 4; lastKnownFileType = sourcecode.c.objc; path = TGFavoritesViewController.m; sourceTree = "<group>"; };
/* End PBXFileReference section */

/* Begin PBXFrameworksBuildPhase section */
		4525EA5819E3C9AB0009BADE /* Frameworks */ = {
			isa = PBXFrameworksBuildPhase;
			buildActionMask = 2147483647;
			files = (
				45426C4F19E5270B00EDB9E9 /* MapKit.framework in Frameworks */,
				4525EAE919E4286C0009BADE /* libz.1.1.3.dylib in Frameworks */,
				4525EAE719E4282E0009BADE /* QuartzCore.framework in Frameworks */,
				4525EADD19E3DF5E0009BADE /* SystemConfiguration.framework in Frameworks */,
				4525EADB19E3DEE60009BADE /* CFNetwork.framework in Frameworks */,
				4525EA9919E3CCBB0009BADE /* Security.framework in Frameworks */,
				4525EA9719E3CCAD0009BADE /* UIKit.framework in Frameworks */,
				4525EA8F19E3CC7F0009BADE /* CoreLocation.framework in Frameworks */,
				4525EA8D19E3CC640009BADE /* MobileCoreServices.framework in Frameworks */,
				4525EA9519E3CC8D0009BADE /* ParseFacebookUtils.framework in Frameworks */,
				4525EA8B19E3CC4F0009BADE /* CoreGraphics.framework in Frameworks */,
				4525EA9319E3CC8D0009BADE /* Bolts.framework in Frameworks */,
				4525EA9419E3CC8D0009BADE /* Parse.framework in Frameworks */,
			);
			runOnlyForDeploymentPostprocessing = 0;
		};
		4525EA7419E3C9AB0009BADE /* Frameworks */ = {
			isa = PBXFrameworksBuildPhase;
			buildActionMask = 2147483647;
			files = (
			);
			runOnlyForDeploymentPostprocessing = 0;
		};
/* End PBXFrameworksBuildPhase section */

/* Begin PBXGroup section */
		4525EA5219E3C9AB0009BADE = {
			isa = PBXGroup;
			children = (
				4525EA5D19E3C9AB0009BADE /* Traditional */,
				4525EA7A19E3C9AB0009BADE /* TraditionalTests */,
				4525EA8919E3CC290009BADE /* Frameworks */,
				4525EA5C19E3C9AB0009BADE /* Products */,
			);
			sourceTree = "<group>";
		};
		4525EA5C19E3C9AB0009BADE /* Products */ = {
			isa = PBXGroup;
			children = (
				4525EA5B19E3C9AB0009BADE /* Traditional.app */,
				4525EA7719E3C9AB0009BADE /* TraditionalTests.xctest */,
			);
			name = Products;
			sourceTree = "<group>";
		};
		4525EA5D19E3C9AB0009BADE /* Traditional */ = {
			isa = PBXGroup;
			children = (
				4525EAAC19E3D9730009BADE /* TableViewCellls */,
				4525EAA719E3D4B10009BADE /* Images */,
				4525EA9A19E3CDB50009BADE /* Controllers */,
				4525EA6219E3C9AB0009BADE /* AppDelegate.h */,
				4525EA6319E3C9AB0009BADE /* AppDelegate.m */,
				4525EA6819E3C9AB0009BADE /* ViewController.h */,
				4525EA6919E3C9AB0009BADE /* ViewController.m */,
				4525EA6B19E3C9AB0009BADE /* Main.storyboard */,
				4525EA6E19E3C9AB0009BADE /* Images.xcassets */,
				4525EA7019E3C9AB0009BADE /* LaunchScreen.xib */,
				4525EA6519E3C9AB0009BADE /* Traditional.xcdatamodeld */,
				4525EA5E19E3C9AB0009BADE /* Supporting Files */,
				4525EAF919E42D790009BADE /* ControlVariables.h */,
			);
			path = Traditional;
			sourceTree = "<group>";
		};
		4525EA5E19E3C9AB0009BADE /* Supporting Files */ = {
			isa = PBXGroup;
			children = (
				4525EA5F19E3C9AB0009BADE /* Info.plist */,
				4525EA6019E3C9AB0009BADE /* main.m */,
			);
			name = "Supporting Files";
			sourceTree = "<group>";
		};
		4525EA7A19E3C9AB0009BADE /* TraditionalTests */ = {
			isa = PBXGroup;
			children = (
				4525EA7D19E3C9AB0009BADE /* TraditionalTests.m */,
				4525EA7B19E3C9AB0009BADE /* Supporting Files */,
			);
			path = TraditionalTests;
			sourceTree = "<group>";
		};
		4525EA7B19E3C9AB0009BADE /* Supporting Files */ = {
			isa = PBXGroup;
			children = (
				4525EA7C19E3C9AB0009BADE /* Info.plist */,
			);
			name = "Supporting Files";
			sourceTree = "<group>";
		};
		4525EA8919E3CC290009BADE /* Frameworks */ = {
			isa = PBXGroup;
			children = (
				45426C4E19E5270B00EDB9E9 /* MapKit.framework */,
				4525EAE819E4286C0009BADE /* libz.1.1.3.dylib */,
				4525EAE619E4282E0009BADE /* QuartzCore.framework */,
				4525EADC19E3DF5E0009BADE /* SystemConfiguration.framework */,
				4525EADA19E3DEE60009BADE /* CFNetwork.framework */,
				4525EA9819E3CCBB0009BADE /* Security.framework */,
				4525EA9619E3CCAD0009BADE /* UIKit.framework */,
				4525EA9019E3CC8D0009BADE /* Bolts.framework */,
				4525EA9119E3CC8D0009BADE /* Parse.framework */,
				4525EA9219E3CC8D0009BADE /* ParseFacebookUtils.framework */,
				4525EA8E19E3CC7F0009BADE /* CoreLocation.framework */,
				4525EA8C19E3CC640009BADE /* MobileCoreServices.framework */,
				4525EA8A19E3CC4F0009BADE /* CoreGraphics.framework */,
			);
			name = Frameworks;
			sourceTree = "<group>";
		};
		4525EA9A19E3CDB50009BADE /* Controllers */ = {
			isa = PBXGroup;
			children = (
				4525EAEA19E42D3D0009BADE /* TGMenuViewController.h */,
				4525EAEB19E42D3D0009BADE /* TGMenuViewController.m */,
				4525EAEC19E42D3D0009BADE /* TGSideMenuViewController.h */,
				4525EAED19E42D3D0009BADE /* TGSideMenuViewController.m */,
				4525EAEE19E42D3D0009BADE /* TGMainViewController.h */,
				4525EAEF19E42D3D0009BADE /* TGMainViewController.m */,
				4525EAF019E42D3D0009BADE /* TGMapViewController.h */,
				4525EAF119E42D3D0009BADE /* TGMapViewController.m */,
				452F9B1B19E47BC2009715CB /* TGLoginViewController.h */,
				452F9B1C19E47BC2009715CB /* TGLoginViewController.m */,
				452F9B2019E48EF6009715CB /* TGWishListViewController.h */,
				452F9B2119E48EF6009715CB /* TGWishListViewController.m */,
				45426C5019E528F000EDB9E9 /* TGFavoritesViewController.h */,
				45426C5119E528F000EDB9E9 /* TGFavoritesViewController.m */,
			);
			name = Controllers;
			path = ..;
			sourceTree = "<group>";
		};
		4525EAA719E3D4B10009BADE /* Images */ = {
			isa = PBXGroup;
			children = (
				4525EAE419E3E3F60009BADE /* logo.png */,
				4525EAE219E3E3B80009BADE /* Default@2x.png */,
				4525EADE19E3E2580009BADE /* star-y.png */,
				4525EADF19E3E2580009BADE /* star-y@2x.png */,
				4525EAD619E3DAEE0009BADE /* star-g.png */,
				4525EAD719E3DAEE0009BADE /* star-g@2x.png */,
				4525EAD219E3DA9D0009BADE /* fall-y.png */,
				4525EAD319E3DA9D0009BADE /* fall-y@2x.png */,
				4525EACE19E3DA900009BADE /* spring-y.png */,
				4525EACF19E3DA900009BADE /* spring-y@2x.png */,
				4525EACA19E3DA820009BADE /* winter-y.png */,
				4525EACB19E3DA820009BADE /* winter-y@2x.png */,
				4525EAC219E3DA6C0009BADE /* summer-w.png */,
				4525EAC319E3DA6C0009BADE /* summer-w@2x.png */,
				4525EAC419E3DA6C0009BADE /* summer-y.png */,
				4525EAC519E3DA6C0009BADE /* summer-y@2x.png */,
				4525EABE19E3DA530009BADE /* spring-w.png */,
				4525EABF19E3DA530009BADE /* spring-w@2x.png */,
				4525EABA19E3DA350009BADE /* winter-w.png */,
				4525EABB19E3DA350009BADE /* winter-w@2x.png */,
				4525EAB619E3DA110009BADE /* fall-w.png */,
				4525EAB719E3DA110009BADE /* fall-w@2x.png */,
				4525EAB419E3D9FE0009BADE /* profile-stats-bg.png */,
				4525EAB219E3D9ED0009BADE /* home-1.jpg */,
				4525EAAA19E3D73E0009BADE /* burgerIcon.png */,
				4525EAA819E3D4BF0009BADE /* 6portrait.png */,
			);
			name = Images;
			path = ..;
			sourceTree = "<group>";
		};
		4525EAAC19E3D9730009BADE /* TableViewCellls */ = {
			isa = PBXGroup;
			children = (
				4525EAAD19E3D9980009BADE /* MainTableViewCell.h */,
				4525EAAE19E3D9980009BADE /* MainTableViewCell.m */,
				4525EAAF19E3D9980009BADE /* MainTableViewCell.xib */,
			);
			name = TableViewCellls;
			path = ..;
			sourceTree = "<group>";
		};
/* End PBXGroup section */

/* Begin PBXNativeTarget section */
		4525EA5A19E3C9AB0009BADE /* Traditional */ = {
			isa = PBXNativeTarget;
			buildConfigurationList = 4525EA8119E3C9AB0009BADE /* Build configuration list for PBXNativeTarget "Traditional" */;
			buildPhases = (
				4525EA5719E3C9AB0009BADE /* Sources */,
				4525EA5819E3C9AB0009BADE /* Frameworks */,
				4525EA5919E3C9AB0009BADE /* Resources */,
			);
			buildRules = (
			);
			dependencies = (
			);
			name = Traditional;
			productName = Traditional;
			productReference = 4525EA5B19E3C9AB0009BADE /* Traditional.app */;
			productType = "com.apple.product-type.application";
		};
		4525EA7619E3C9AB0009BADE /* TraditionalTests */ = {
			isa = PBXNativeTarget;
			buildConfigurationList = 4525EA8419E3C9AB0009BADE /* Build configuration list for PBXNativeTarget "TraditionalTests" */;
			buildPhases = (
				4525EA7319E3C9AB0009BADE /* Sources */,
				4525EA7419E3C9AB0009BADE /* Frameworks */,
				4525EA7519E3C9AB0009BADE /* Resources */,
			);
			buildRules = (
			);
			dependencies = (
				4525EA7919E3C9AB0009BADE /* PBXTargetDependency */,
			);
			name = TraditionalTests;
			productName = TraditionalTests;
			productReference = 4525EA7719E3C9AB0009BADE /* TraditionalTests.xctest */;
			productType = "com.apple.product-type.bundle.unit-test";
		};
/* End PBXNativeTarget section */

/* Begin PBXProject section */
		4525EA5319E3C9AB0009BADE /* Project object */ = {
			isa = PBXProject;
			attributes = {
				LastUpgradeCheck = 0600;
				ORGANIZATIONNAME = flowerapps;
				TargetAttributes = {
					4525EA5A19E3C9AB0009BADE = {
						CreatedOnToolsVersion = 6.0.1;
					};
					4525EA7619E3C9AB0009BADE = {
						CreatedOnToolsVersion = 6.0.1;
						TestTargetID = 4525EA5A19E3C9AB0009BADE;
					};
				};
			};
			buildConfigurationList = 4525EA5619E3C9AB0009BADE /* Build configuration list for PBXProject "Traditional" */;
			compatibilityVersion = "Xcode 3.2";
			developmentRegion = English;
			hasScannedForEncodings = 0;
			knownRegions = (
				en,
				Base,
			);
			mainGroup = 4525EA5219E3C9AB0009BADE;
			productRefGroup = 4525EA5C19E3C9AB0009BADE /* Products */;
			projectDirPath = "";
			projectRoot = "";
			targets = (
				4525EA5A19E3C9AB0009BADE /* Traditional */,
				4525EA7619E3C9AB0009BADE /* TraditionalTests */,
			);
		};
/* End PBXProject section */

/* Begin PBXResourcesBuildPhase section */
		4525EA5919E3C9AB0009BADE /* Resources */ = {
			isa = PBXResourcesBuildPhase;
			buildActionMask = 2147483647;
			files = (
				4525EAB119E3D9980009BADE /* MainTableViewCell.xib in Resources */,
				4525EAC119E3DA530009BADE /* spring-w@2x.png in Resources */,
				4525EAC819E3DA6C0009BADE /* summer-y.png in Resources */,
				4525EA6D19E3C9AB0009BADE /* Main.storyboard in Resources */,
				4525EAC019E3DA530009BADE /* spring-w.png in Resources */,
				4525EAB519E3D9FE0009BADE /* profile-stats-bg.png in Resources */,
				4525EACC19E3DA820009BADE /* winter-y.png in Resources */,
				4525EAD019E3DA900009BADE /* spring-y.png in Resources */,
				4525EAB319E3D9ED0009BADE /* home-1.jpg in Resources */,
				4525EAD119E3DA900009BADE /* spring-y@2x.png in Resources */,
				4525EAD919E3DAEE0009BADE /* star-g@2x.png in Resources */,
				4525EAE019E3E2580009BADE /* star-y.png in Resources */,
				4525EAD419E3DA9D0009BADE /* fall-y.png in Resources */,
				4525EABC19E3DA350009BADE /* winter-w.png in Resources */,
				4525EAC619E3DA6C0009BADE /* summer-w.png in Resources */,
				4525EA7219E3C9AB0009BADE /* LaunchScreen.xib in Resources */,
				4525EAC719E3DA6C0009BADE /* summer-w@2x.png in Resources */,
				4525EAB819E3DA110009BADE /* fall-w.png in Resources */,
				4525EAAB19E3D73E0009BADE /* burgerIcon.png in Resources */,
				4525EA6F19E3C9AB0009BADE /* Images.xcassets in Resources */,
				4525EACD19E3DA820009BADE /* winter-y@2x.png in Resources */,
				4525EAD819E3DAEE0009BADE /* star-g.png in Resources */,
				4525EABD19E3DA350009BADE /* winter-w@2x.png in Resources */,
				4525EAA919E3D4BF0009BADE /* 6portrait.png in Resources */,
				4525EAB919E3DA110009BADE /* fall-w@2x.png in Resources */,
				4525EAC919E3DA6C0009BADE /* summer-y@2x.png in Resources */,
				4525EAE519E3E3F60009BADE /* logo.png in Resources */,
				4525EAE319E3E3B80009BADE /* Default@2x.png in Resources */,
				4525EAE119E3E2580009BADE /* star-y@2x.png in Resources */,
				4525EAD519E3DA9D0009BADE /* fall-y@2x.png in Resources */,
			);
			runOnlyForDeploymentPostprocessing = 0;
		};
		4525EA7519E3C9AB0009BADE /* Resources */ = {
			isa = PBXResourcesBuildPhase;
			buildActionMask = 2147483647;
			files = (
			);
			runOnlyForDeploymentPostprocessing = 0;
		};
/* End PBXResourcesBuildPhase section */

/* Begin PBXSourcesBuildPhase section */
		4525EA5719E3C9AB0009BADE /* Sources */ = {
			isa = PBXSourcesBuildPhase;
			buildActionMask = 2147483647;
			files = (
				4525EA6419E3C9AB0009BADE /* AppDelegate.m in Sources */,
				4525EAF719E42D3D0009BADE /* TGMapViewController.m in Sources */,
				4525EAF519E42D3D0009BADE /* TGSideMenuViewController.m in Sources */,
				4525EAB019E3D9980009BADE /* MainTableViewCell.m in Sources */,
				4525EA6119E3C9AB0009BADE /* main.m in Sources */,
				4525EA6A19E3C9AB0009BADE /* ViewController.m in Sources */,
				4525EAF419E42D3D0009BADE /* TGMenuViewController.m in Sources */,
				45426C5219E528F000EDB9E9 /* TGFavoritesViewController.m in Sources */,
				4525EAF619E42D3D0009BADE /* TGMainViewController.m in Sources */,
				4525EA6719E3C9AB0009BADE /* Traditional.xcdatamodeld in Sources */,
				452F9B1D19E47BC2009715CB /* TGLoginViewController.m in Sources */,
				452F9B2219E48EF6009715CB /* TGWishListViewController.m in Sources */,
			);
			runOnlyForDeploymentPostprocessing = 0;
		};
		4525EA7319E3C9AB0009BADE /* Sources */ = {
			isa = PBXSourcesBuildPhase;
			buildActionMask = 2147483647;
			files = (
				4525EA7E19E3C9AB0009BADE /* TraditionalTests.m in Sources */,
			);
			runOnlyForDeploymentPostprocessing = 0;
		};
/* End PBXSourcesBuildPhase section */

/* Begin PBXTargetDependency section */
		4525EA7919E3C9AB0009BADE /* PBXTargetDependency */ = {
			isa = PBXTargetDependency;
			target = 4525EA5A19E3C9AB0009BADE /* Traditional */;
			targetProxy = 4525EA7819E3C9AB0009BADE /* PBXContainerItemProxy */;
		};
/* End PBXTargetDependency section */

/* Begin PBXVariantGroup section */
		4525EA6B19E3C9AB0009BADE /* Main.storyboard */ = {
			isa = PBXVariantGroup;
			children = (
				4525EA6C19E3C9AB0009BADE /* Base */,
			);
			name = Main.storyboard;
			sourceTree = "<group>";
		};
		4525EA7019E3C9AB0009BADE /* LaunchScreen.xib */ = {
			isa = PBXVariantGroup;
			children = (
				4525EA7119E3C9AB0009BADE /* Base */,
			);
			name = LaunchScreen.xib;
			sourceTree = "<group>";
		};
/* End PBXVariantGroup section */

/* Begin XCBuildConfiguration section */
		4525EA7F19E3C9AB0009BADE /* Debug */ = {
			isa = XCBuildConfiguration;
			buildSettings = {
				ALWAYS_SEARCH_USER_PATHS = NO;
				CLANG_CXX_LANGUAGE_STANDARD = "gnu++0x";
				CLANG_CXX_LIBRARY = "libc++";
				CLANG_ENABLE_MODULES = YES;
				CLANG_ENABLE_OBJC_ARC = YES;
				CLANG_WARN_BOOL_CONVERSION = YES;
				CLANG_WARN_CONSTANT_CONVERSION = YES;
				CLANG_WARN_DIRECT_OBJC_ISA_USAGE = YES_ERROR;
				CLANG_WARN_EMPTY_BODY = YES;
				CLANG_WARN_ENUM_CONVERSION = YES;
				CLANG_WARN_INT_CONVERSION = YES;
				CLANG_WARN_OBJC_ROOT_CLASS = YES_ERROR;
				CLANG_WARN_UNREACHABLE_CODE = YES;
				CLANG_WARN__DUPLICATE_METHOD_MATCH = YES;
				"CODE_SIGN_IDENTITY[sdk=iphoneos*]" = "iPhone Developer";
				COPY_PHASE_STRIP = NO;
				ENABLE_STRICT_OBJC_MSGSEND = YES;
				GCC_C_LANGUAGE_STANDARD = gnu99;
				GCC_DYNAMIC_NO_PIC = NO;
				GCC_OPTIMIZATION_LEVEL = 0;
				GCC_PREPROCESSOR_DEFINITIONS = (
					"DEBUG=1",
					"$(inherited)",
				);
				GCC_SYMBOLS_PRIVATE_EXTERN = NO;
				GCC_WARN_64_TO_32_BIT_CONVERSION = YES;
				GCC_WARN_ABOUT_RETURN_TYPE = YES_ERROR;
				GCC_WARN_UNDECLARED_SELECTOR = YES;
				GCC_WARN_UNINITIALIZED_AUTOS = YES_AGGRESSIVE;
				GCC_WARN_UNUSED_FUNCTION = YES;
				GCC_WARN_UNUSED_VARIABLE = YES;
				IPHONEOS_DEPLOYMENT_TARGET = 8.0;
				MTL_ENABLE_DEBUG_INFO = YES;
				ONLY_ACTIVE_ARCH = YES;
				SDKROOT = iphoneos;
			};
			name = Debug;
		};
		4525EA8019E3C9AB0009BADE /* Release */ = {
			isa = XCBuildConfiguration;
			buildSettings = {
				ALWAYS_SEARCH_USER_PATHS = NO;
				CLANG_CXX_LANGUAGE_STANDARD = "gnu++0x";
				CLANG_CXX_LIBRARY = "libc++";
				CLANG_ENABLE_MODULES = YES;
				CLANG_ENABLE_OBJC_ARC = YES;
				CLANG_WARN_BOOL_CONVERSION = YES;
				CLANG_WARN_CONSTANT_CONVERSION = YES;
				CLANG_WARN_DIRECT_OBJC_ISA_USAGE = YES_ERROR;
				CLANG_WARN_EMPTY_BODY = YES;
				CLANG_WARN_ENUM_CONVERSION = YES;
				CLANG_WARN_INT_CONVERSION = YES;
				CLANG_WARN_OBJC_ROOT_CLASS = YES_ERROR;
				CLANG_WARN_UNREACHABLE_CODE = YES;
				CLANG_WARN__DUPLICATE_METHOD_MATCH = YES;
				"CODE_SIGN_IDENTITY[sdk=iphoneos*]" = "iPhone Developer";
				COPY_PHASE_STRIP = YES;
				ENABLE_NS_ASSERTIONS = NO;
				ENABLE_STRICT_OBJC_MSGSEND = YES;
				GCC_C_LANGUAGE_STANDARD = gnu99;
				GCC_WARN_64_TO_32_BIT_CONVERSION = YES;
				GCC_WARN_ABOUT_RETURN_TYPE = YES_ERROR;
				GCC_WARN_UNDECLARED_SELECTOR = YES;
				GCC_WARN_UNINITIALIZED_AUTOS = YES_AGGRESSIVE;
				GCC_WARN_UNUSED_FUNCTION = YES;
				GCC_WARN_UNUSED_VARIABLE = YES;
				IPHONEOS_DEPLOYMENT_TARGET = 8.0;
				MTL_ENABLE_DEBUG_INFO = NO;
				SDKROOT = iphoneos;
				VALIDATE_PRODUCT = YES;
			};
			name = Release;
		};
		4525EA8219E3C9AB0009BADE /* Debug */ = {
			isa = XCBuildConfiguration;
			buildSettings = {
				ASSETCATALOG_COMPILER_APPICON_NAME = AppIcon;
				FRAMEWORK_SEARCH_PATHS = (
					"$(inherited)",
					"$(PROJECT_DIR)",
				);
				INFOPLIST_FILE = Traditional/Info.plist;
				LD_RUNPATH_SEARCH_PATHS = "$(inherited) @executable_path/Frameworks";
				PRODUCT_NAME = "$(TARGET_NAME)";
			};
			name = Debug;
		};
		4525EA8319E3C9AB0009BADE /* Release */ = {
			isa = XCBuildConfiguration;
			buildSettings = {
				ASSETCATALOG_COMPILER_APPICON_NAME = AppIcon;
				FRAMEWORK_SEARCH_PATHS = (
					"$(inherited)",
					"$(PROJECT_DIR)",
				);
				INFOPLIST_FILE = Traditional/Info.plist;
				LD_RUNPATH_SEARCH_PATHS = "$(inherited) @executable_path/Frameworks";
				PRODUCT_NAME = "$(TARGET_NAME)";
			};
			name = Release;
		};
		4525EA8519E3C9AB0009BADE /* Debug */ = {
			isa = XCBuildConfiguration;
			buildSettings = {
				BUNDLE_LOADER = "$(TEST_HOST)";
				FRAMEWORK_SEARCH_PATHS = (
					"$(SDKROOT)/Developer/Library/Frameworks",
					"$(inherited)",
				);
				GCC_PREPROCESSOR_DEFINITIONS = (
					"DEBUG=1",
					"$(inherited)",
				);
				INFOPLIST_FILE = TraditionalTests/Info.plist;
				LD_RUNPATH_SEARCH_PATHS = "$(inherited) @executable_path/Frameworks @loader_path/Frameworks";
				PRODUCT_NAME = "$(TARGET_NAME)";
				TEST_HOST = "$(BUILT_PRODUCTS_DIR)/Traditional.app/Traditional";
			};
			name = Debug;
		};
		4525EA8619E3C9AB0009BADE /* Release */ = {
			isa = XCBuildConfiguration;
			buildSettings = {
				BUNDLE_LOADER = "$(TEST_HOST)";
				FRAMEWORK_SEARCH_PATHS = (
					"$(SDKROOT)/Developer/Library/Frameworks",
					"$(inherited)",
				);
				INFOPLIST_FILE = TraditionalTests/Info.plist;
				LD_RUNPATH_SEARCH_PATHS = "$(inherited) @executable_path/Frameworks @loader_path/Frameworks";
				PRODUCT_NAME = "$(TARGET_NAME)";
				TEST_HOST = "$(BUILT_PRODUCTS_DIR)/Traditional.app/Traditional";
			};
			name = Release;
		};
/* End XCBuildConfiguration section */

/* Begin XCConfigurationList section */
		4525EA5619E3C9AB0009BADE /* Build configuration list for PBXProject "Traditional" */ = {
			isa = XCConfigurationList;
			buildConfigurations = (
				4525EA7F19E3C9AB0009BADE /* Debug */,
				4525EA8019E3C9AB0009BADE /* Release */,
			);
			defaultConfigurationIsVisible = 0;
			defaultConfigurationName = Release;
		};
		4525EA8119E3C9AB0009BADE /* Build configuration list for PBXNativeTarget "Traditional" */ = {
			isa = XCConfigurationList;
			buildConfigurations = (
				4525EA8219E3C9AB0009BADE /* Debug */,
				4525EA8319E3C9AB0009BADE /* Release */,
			);
			defaultConfigurationIsVisible = 0;
			defaultConfigurationName = Release;
		};
		4525EA8419E3C9AB0009BADE /* Build configuration list for PBXNativeTarget "TraditionalTests" */ = {
			isa = XCConfigurationList;
			buildConfigurations = (
				4525EA8519E3C9AB0009BADE /* Debug */,
				4525EA8619E3C9AB0009BADE /* Release */,
			);
			defaultConfigurationIsVisible = 0;
			defaultConfigurationName = Release;
		};
/* End XCConfigurationList section */

/* Begin XCVersionGroup section */
		4525EA6519E3C9AB0009BADE /* Traditional.xcdatamodeld */ = {
			isa = XCVersionGroup;
			children = (
				4525EA6619E3C9AB0009BADE /* Traditional.xcdatamodel */,
			);
			currentVersion = 4525EA6619E3C9AB0009BADE /* Traditional.xcdatamodel */;
			path = Traditional.xcdatamodeld;
			sourceTree = "<group>";
			versionGroupType = wrapper.xcdatamodel;
		};
/* End XCVersionGroup section */
	};
	rootObject = 4525EA5319E3C9AB0009BADE /* Project object */;
}
